{
    "_readme": [
        "This file locks the dependencies of your project to a known state",
        "Read more about it at https://getcomposer.org/doc/01-basic-usage.md#composer-lock-the-lock-file",
        "This file is @generated automatically"
    ],
    "hash": "3481694ed0af823b2f92f545810f9a91",
    "content-hash": "a43c9dbf64332ade915c49b6acb54830",
    "packages": [
        {
            "name": "dmstr/yii2-migrate-command",
            "version": "0.3.1",
            "source": {
                "type": "git",
                "url": "https://github.com/dmstr/yii2-migrate-command.git",
                "reference": "dcfe52c088b8039ce7e08e0b0fa5cff0002f2d79"
            },
            "dist": {
                "type": "zip",
                "url": "https://api.github.com/repos/dmstr/yii2-migrate-command/zipball/dcfe52c088b8039ce7e08e0b0fa5cff0002f2d79",
                "reference": "dcfe52c088b8039ce7e08e0b0fa5cff0002f2d79",
                "shasum": ""
            },
            "type": "yii2-extension",
            "autoload": {
                "psr-4": {
                    "dmstr\\console\\controllers\\": ""
                }
            },
            "notification-url": "https://packagist.org/downloads/",
            "license": [
                "BSD-3-Clause"
            ],
            "authors": [
                {
                    "name": "Tobias Munk",
                    "email": "tobias@diemeisterei.de"
                }
            ],
            "description": "Console Migration Command with multiple paths/aliases support",
            "keywords": [
                "command",
                "console",
                "extension",
                "migration",
                "yii2"
            ],
            "time": "2016-01-19 17:31:24"
        }
    ],
    "packages-dev": [],
    "aliases": [],
    "minimum-stability": "stable",
    "stability-flags": [],
    "prefer-stable": false,
    "prefer-lowest": false,
    "platform": [],
    "platform-dev": []
}
